
Microsoft Visual Studio Solution File, Format Version 12.00
# Visual Studio 15
VisualStudioVersion = 15.0.28307.271
MinimumVisualStudioVersion = 10.0.40219.1
Project("{FAE04EC0-301F-11D3-BF4B-00C04F79EFBC}") = "Train", "Train\Train.csproj", "{FDEE1F19-20DE-4164-A26B-34B910DD64A9}"
EndProject
Project("{FAE04EC0-301F-11D3-BF4B-00C04F79EFBC}") = "TrainTest", "TrainTest\TrainTest.csproj", "{9678CDFD-7DBE-4123-A4F5-0EA75E2AB76C}"
EndProject
Global
	GlobalSection(SolutionConfigurationPlatforms) = preSolution
		Debug|Any CPU = Debug|Any CPU
		Release|Any CPU = Release|Any CPU
	EndGlobalSection
	GlobalSection(ProjectConfigurationPlatforms) = postSolution
		{FDEE1F19-20DE-4164-A26B-34B910DD64A9}.Debug|Any CPU.ActiveCfg = Debug|Any CPU
		{FDEE1F19-20DE-4164-A26B-34B910DD64A9}.Debug|Any CPU.Build.0 = Debug|Any CPU
		{FDEE1F19-20DE-4164-A26B-34B910DD64A9}.Release|Any CPU.ActiveCfg = Release|Any CPU
		{FDEE1F19-20DE-4164-A26B-34B910DD64A9}.Release|Any CPU.Build.0 = Release|Any CPU
		{9678CDFD-7DBE-4123-A4F5-0EA75E2AB76C}.Debug|Any CPU.ActiveCfg = Debug|Any CPU
		{9678CDFD-7DBE-4123-A4F5-0EA75E2AB76C}.Debug|Any CPU.Build.0 = Debug|Any CPU
		{9678CDFD-7DBE-4123-A4F5-0EA75E2AB76C}.Release|Any CPU.ActiveCfg = Release|Any CPU
		{9678CDFD-7DBE-4123-A4F5-0EA75E2AB76C}.Release|Any CPU.Build.0 = Release|Any CPU
	EndGlobalSection
	GlobalSection(SolutionProperties) = preSolution
		HideSolutionNode = FALSE
	EndGlobalSection
	GlobalSection(ExtensibilityGlobals) = postSolution
		SolutionGuid = {A4A79633-DBB3-4CB7-8758-5C556F31E704}
	EndGlobalSection
EndGlobal
